
Microsoft Visual Studio Solution File, Format Version 12.00
# Visual Studio Version 17
VisualStudioVersion = 17.4.33213.308
MinimumVisualStudioVersion = 10.0.40219.1
Project("{9A19103F-16F7-4668-BE54-9A1E7A4F7556}") = "AuthWebApp", "AuthWebApp.csproj", "{85FD7D0A-DDF6-401F-BABC-8C0C77F6B88F}"
EndProject
Project("{9A19103F-16F7-4668-BE54-9A1E7A4F7556}") = "AuthWithRolesWebApp", "..\AuthWithRolesWebApp\AuthWithRolesWebApp.csproj", "{5D0F233B-D418-4CC2-B273-5D729006082B}"
EndProject
Global
	GlobalSection(SolutionConfigurationPlatforms) = preSolution
		Debug|Any CPU = Debug|Any CPU
		Release|Any CPU = Release|Any CPU
	EndGlobalSection
	GlobalSection(ProjectConfigurationPlatforms) = postSolution
		{85FD7D0A-DDF6-401F-BABC-8C0C77F6B88F}.Debug|Any CPU.ActiveCfg = Debug|Any CPU
		{85FD7D0A-DDF6-401F-BABC-8C0C77F6B88F}.Debug|Any CPU.Build.0 = Debug|Any CPU
		{85FD7D0A-DDF6-401F-BABC-8C0C77F6B88F}.Release|Any CPU.ActiveCfg = Release|Any CPU
		{85FD7D0A-DDF6-401F-BABC-8C0C77F6B88F}.Release|Any CPU.Build.0 = Release|Any CPU
		{5D0F233B-D418-4CC2-B273-5D729006082B}.Debug|Any CPU.ActiveCfg = Debug|Any CPU
		{5D0F233B-D418-4CC2-B273-5D729006082B}.Debug|Any CPU.Build.0 = Debug|Any CPU
		{5D0F233B-D418-4CC2-B273-5D729006082B}.Release|Any CPU.ActiveCfg = Release|Any CPU
		{5D0F233B-D418-4CC2-B273-5D729006082B}.Release|Any CPU.Build.0 = Release|Any CPU
	EndGlobalSection
	GlobalSection(SolutionProperties) = preSolution
		HideSolutionNode = FALSE
	EndGlobalSection
	GlobalSection(ExtensibilityGlobals) = postSolution
		SolutionGuid = {7C7B03A7-1726-4BD0-8297-F59913A5626A}
	EndGlobalSection
EndGlobal
